
Microsoft Visual Studio Solution File, Format Version 12.00
# Visual Studio Version 17
VisualStudioVersion = 17.8.34330.188
MinimumVisualStudioVersion = 10.0.40219.1
Project("{FAE04EC0-301F-11D3-BF4B-00C04F79EFBC}") = "BearcatWeather", "BearcatWeather.csproj", "{7E5D68D8-182A-4712-9C78-08626594CE76}"
EndProject
Global
	GlobalSection(SolutionConfigurationPlatforms) = preSolution
		Debug|Any CPU = Debug|Any CPU
		Release|Any CPU = Release|Any CPU
	EndGlobalSection
	GlobalSection(ProjectConfigurationPlatforms) = postSolution
		{7E5D68D8-182A-4712-9C78-08626594CE76}.Debug|Any CPU.ActiveCfg = Debug|Any CPU
		{7E5D68D8-182A-4712-9C78-08626594CE76}.Debug|Any CPU.Build.0 = Debug|Any CPU
		{7E5D68D8-182A-4712-9C78-08626594CE76}.Debug|Any CPU.Deploy.0 = Debug|Any CPU
		{7E5D68D8-182A-4712-9C78-08626594CE76}.Release|Any CPU.ActiveCfg = Release|Any CPU
		{7E5D68D8-182A-4712-9C78-08626594CE76}.Release|Any CPU.Build.0 = Release|Any CPU
		{7E5D68D8-182A-4712-9C78-08626594CE76}.Release|Any CPU.Deploy.0 = Release|Any CPU
	EndGlobalSection
	GlobalSection(SolutionProperties) = preSolution
		HideSolutionNode = FALSE
	EndGlobalSection
	GlobalSection(ExtensibilityGlobals) = postSolution
		SolutionGuid = {366582BC-BCC6-4426-AF58-33282840FBC5}
	EndGlobalSection
EndGlobal
